// !$*UTF8*$!
{
	archiveVersion = 1;
	classes = {
	};
	objectVersion = 55;
	objects = {

/* Begin PBXBuildFile section */
		A40C10506B00F50DB0F23FFE /* Pods_iMessage.framework in Frameworks */ = {isa = PBXBuildFile; fileRef = 3BADB01126476FA0673E6332 /* Pods_iMessage.framework */; };
		CE2F526A27D6D0FC00BD3D35 /* Extension+UIView.swift in Sources */ = {isa = PBXBuildFile; fileRef = CE2F526927D6D0FC00BD3D35 /* Extension+UIView.swift */; };
		CE2F526C27D6D72D00BD3D35 /* Custom.swift in Sources */ = {isa = PBXBuildFile; fileRef = CE2F526B27D6D72D00BD3D35 /* Custom.swift */; };
		CE2F527227D6DB4600BD3D35 /* Extension+Button.swift in Sources */ = {isa = PBXBuildFile; fileRef = CE2F527127D6DB4600BD3D35 /* Extension+Button.swift */; };
		CE2F527427D6DCA000BD3D35 /* String.swift in Sources */ = {isa = PBXBuildFile; fileRef = CE2F527327D6DCA000BD3D35 /* String.swift */; };
		CE2F527727D6DF4600BD3D35 /* send.wav in Resources */ = {isa = PBXBuildFile; fileRef = CE2F527627D6DF4600BD3D35 /* send.wav */; };
		CE2F527A27D6F4C800BD3D35 /* Alert.swift in Sources */ = {isa = PBXBuildFile; fileRef = CE2F527927D6F4C800BD3D35 /* Alert.swift */; };
		CE82498E27D53B5C00FF581A /* AppDelegate.swift in Sources */ = {isa = PBXBuildFile; fileRef = CE82498D27D53B5C00FF581A /* AppDelegate.swift */; };
		CE82499027D53B5C00FF581A /* SceneDelegate.swift in Sources */ = {isa = PBXBuildFile; fileRef = CE82498F27D53B5C00FF581A /* SceneDelegate.swift */; };
		CE82499727D53B5D00FF581A /* Assets.xcassets in Resources */ = {isa = PBXBuildFile; fileRef = CE82499627D53B5D00FF581A /* Assets.xcassets */; };
		CE82499A27D53B5D00FF581A /* LaunchScreen.storyboard in Resources */ = {isa = PBXBuildFile; fileRef = CE82499827D53B5D00FF581A /* LaunchScreen.storyboard */; };
		CE8249B127D53EED00FF581A /* LoginVC.swift in Sources */ = {isa = PBXBuildFile; fileRef = CE8249A927D53EEC00FF581A /* LoginVC.swift */; };
		CE8249B227D53EED00FF581A /* LoginScreen.swift in Sources */ = {isa = PBXBuildFile; fileRef = CE8249AB27D53EEC00FF581A /* LoginScreen.swift */; };
		CE8249B327D53EED00FF581A /* RegisterVC.swift in Sources */ = {isa = PBXBuildFile; fileRef = CE8249AE27D53EED00FF581A /* RegisterVC.swift */; };
		CE8249B427D53EED00FF581A /* RegisterScreen.swift in Sources */ = {isa = PBXBuildFile; fileRef = CE8249B027D53EED00FF581A /* RegisterScreen.swift */; };
		CEF0D8FE27D54BF9000C579E /* GoogleService-Info.plist in Resources */ = {isa = PBXBuildFile; fileRef = CEF0D8FD27D54BF9000C579E /* GoogleService-Info.plist */; };
/* End PBXBuildFile section */

/* Begin PBXFileReference section */
		1CC2E621D5FA219891BE7458 /* Pods-iMessage.release.xcconfig */ = {isa = PBXFileReference; includeInIndex = 1; lastKnownFileType = text.xcconfig; name = "Pods-iMessage.release.xcconfig"; path = "Target Support Files/Pods-iMessage/Pods-iMessage.release.xcconfig"; sourceTree = "<group>"; };
		3BADB01126476FA0673E6332 /* Pods_iMessage.framework */ = {isa = PBXFileReference; explicitFileType = wrapper.framework; includeInIndex = 0; path = Pods_iMessage.framework; sourceTree = BUILT_PRODUCTS_DIR; };
		CE2F526927D6D0FC00BD3D35 /* Extension+UIView.swift */ = {isa = PBXFileReference; lastKnownFileType = sourcecode.swift; path = "Extension+UIView.swift"; sourceTree = "<group>"; };
		CE2F526B27D6D72D00BD3D35 /* Custom.swift */ = {isa = PBXFileReference; lastKnownFileType = sourcecode.swift; path = Custom.swift; sourceTree = "<group>"; };
		CE2F526E27D6D98900BD3D35 /* Poppins-Medium.ttf */ = {isa = PBXFileReference; lastKnownFileType = file; path = "Poppins-Medium.ttf"; sourceTree = "<group>"; };
		CE2F526F27D6D99600BD3D35 /* Poppins-SemiBold.ttf */ = {isa = PBXFileReference; lastKnownFileType = file; path = "Poppins-SemiBold.ttf"; sourceTree = "<group>"; };
		CE2F527027D6D9A400BD3D35 /* Poppins-Bold.ttf */ = {isa = PBXFileReference; lastKnownFileType = file; path = "Poppins-Bold.ttf"; sourceTree = "<group>"; };
		CE2F527127D6DB4600BD3D35 /* Extension+Button.swift */ = {isa = PBXFileReference; lastKnownFileType = sourcecode.swift; path = "Extension+Button.swift"; sourceTree = "<group>"; };
		CE2F527327D6DCA000BD3D35 /* String.swift */ = {isa = PBXFileReference; lastKnownFileType = sourcecode.swift; path = String.swift; sourceTree = "<group>"; };
		CE2F527627D6DF4600BD3D35 /* send.wav */ = {isa = PBXFileReference; lastKnownFileType = audio.wav; path = send.wav; sourceTree = "<group>"; };
		CE2F527927D6F4C800BD3D35 /* Alert.swift */ = {isa = PBXFileReference; lastKnownFileType = sourcecode.swift; path = Alert.swift; sourceTree = "<group>"; };
		CE82498A27D53B5C00FF581A /* iMessage.app */ = {isa = PBXFileReference; explicitFileType = wrapper.application; includeInIndex = 0; path = iMessage.app; sourceTree = BUILT_PRODUCTS_DIR; };
		CE82498D27D53B5C00FF581A /* AppDelegate.swift */ = {isa = PBXFileReference; lastKnownFileType = sourcecode.swift; path = AppDelegate.swift; sourceTree = "<group>"; };
		CE82498F27D53B5C00FF581A /* SceneDelegate.swift */ = {isa = PBXFileReference; lastKnownFileType = sourcecode.swift; path = SceneDelegate.swift; sourceTree = "<group>"; };
		CE82499627D53B5D00FF581A /* Assets.xcassets */ = {isa = PBXFileReference; lastKnownFileType = folder.assetcatalog; path = Assets.xcassets; sourceTree = "<group>"; };
		CE82499927D53B5D00FF581A /* Base */ = {isa = PBXFileReference; lastKnownFileType = file.storyboard; name = Base; path = Base.lproj/LaunchScreen.storyboard; sourceTree = "<group>"; };
		CE82499B27D53B5D00FF581A /* Info.plist */ = {isa = PBXFileReference; lastKnownFileType = text.plist.xml; path = Info.plist; sourceTree = "<group>"; };
		CE8249A927D53EEC00FF581A /* LoginVC.swift */ = {isa = PBXFileReference; fileEncoding = 4; lastKnownFileType = sourcecode.swift; path = LoginVC.swift; sourceTree = "<group>"; };
		CE8249AB27D53EEC00FF581A /* LoginScreen.swift */ = {isa = PBXFileReference; fileEncoding = 4; lastKnownFileType = sourcecode.swift; path = LoginScreen.swift; sourceTree = "<group>"; };
		CE8249AE27D53EED00FF581A /* RegisterVC.swift */ = {isa = PBXFileReference; fileEncoding = 4; lastKnownFileType = sourcecode.swift; path = RegisterVC.swift; sourceTree = "<group>"; };
		CE8249B027D53EED00FF581A /* RegisterScreen.swift */ = {isa = PBXFileReference; fileEncoding = 4; lastKnownFileType = sourcecode.swift; path = RegisterScreen.swift; sourceTree = "<group>"; };
		CEF0D8FD27D54BF9000C579E /* GoogleService-Info.plist */ = {isa = PBXFileReference; fileEncoding = 4; lastKnownFileType = text.plist.xml; path = "GoogleService-Info.plist"; sourceTree = "<group>"; };
		E15ACBD9DBA7C173E45ED07B /* Pods-iMessage.debug.xcconfig */ = {isa = PBXFileReference; includeInIndex = 1; lastKnownFileType = text.xcconfig; name = "Pods-iMessage.debug.xcconfig"; path = "Target Support Files/Pods-iMessage/Pods-iMessage.debug.xcconfig"; sourceTree = "<group>"; };
/* End PBXFileReference section */

/* Begin PBXFrameworksBuildPhase section */
		CE82498727D53B5C00FF581A /* Frameworks */ = {
			isa = PBXFrameworksBuildPhase;
			buildActionMask = 2147483647;
			files = (
				A40C10506B00F50DB0F23FFE /* Pods_iMessage.framework in Frameworks */,
			);
			runOnlyForDeploymentPostprocessing = 0;
		};
/* End PBXFrameworksBuildPhase section */

/* Begin PBXGroup section */
		41BA713A38322104A7635134 /* Pods */ = {
			isa = PBXGroup;
			children = (
				E15ACBD9DBA7C173E45ED07B /* Pods-iMessage.debug.xcconfig */,
				1CC2E621D5FA219891BE7458 /* Pods-iMessage.release.xcconfig */,
			);
			path = Pods;
			sourceTree = "<group>";
		};
		CE2F526627D6CCB200BD3D35 /* Utils */ = {
			isa = PBXGroup;
			children = (
				CE2F526927D6D0FC00BD3D35 /* Extension+UIView.swift */,
				CE2F526B27D6D72D00BD3D35 /* Custom.swift */,
				CE2F527127D6DB4600BD3D35 /* Extension+Button.swift */,
				CE2F527327D6DCA000BD3D35 /* String.swift */,
				CE2F526D27D6D96900BD3D35 /* Fonts */,
				CE2F527527D6DEFF00BD3D35 /* Sound */,
			);
			path = Utils;
			sourceTree = "<group>";
		};
		CE2F526D27D6D96900BD3D35 /* Fonts */ = {
			isa = PBXGroup;
			children = (
				CE2F527027D6D9A400BD3D35 /* Poppins-Bold.ttf */,
				CE2F526E27D6D98900BD3D35 /* Poppins-Medium.ttf */,
				CE2F526F27D6D99600BD3D35 /* Poppins-SemiBold.ttf */,
			);
			path = Fonts;
			sourceTree = "<group>";
		};
		CE2F527527D6DEFF00BD3D35 /* Sound */ = {
			isa = PBXGroup;
			children = (
				CE2F527627D6DF4600BD3D35 /* send.wav */,
			);
			path = Sound;
			sourceTree = "<group>";
		};
		CE2F527827D6F4AE00BD3D35 /* Alert */ = {
			isa = PBXGroup;
			children = (
				CE2F527927D6F4C800BD3D35 /* Alert.swift */,
			);
			path = Alert;
			sourceTree = "<group>";
		};
		CE82498127D53B5C00FF581A = {
			isa = PBXGroup;
			children = (
				CE82498C27D53B5C00FF581A /* iMessage */,
				CE82498B27D53B5C00FF581A /* Products */,
				41BA713A38322104A7635134 /* Pods */,
				D663A986CB27CBDB6F172CCB /* Frameworks */,
			);
			sourceTree = "<group>";
		};
		CE82498B27D53B5C00FF581A /* Products */ = {
			isa = PBXGroup;
			children = (
				CE82498A27D53B5C00FF581A /* iMessage.app */,
			);
			name = Products;
			sourceTree = "<group>";
		};
		CE82498C27D53B5C00FF581A /* iMessage */ = {
			isa = PBXGroup;
			children = (
				CE2F527827D6F4AE00BD3D35 /* Alert */,
				CE2F526627D6CCB200BD3D35 /* Utils */,
				CE8249A727D53EEC00FF581A /* Login */,
				CE8249AC27D53EED00FF581A /* Register */,
				CE82498D27D53B5C00FF581A /* AppDelegate.swift */,
				CE82498F27D53B5C00FF581A /* SceneDelegate.swift */,
				CE82499627D53B5D00FF581A /* Assets.xcassets */,
				CE82499827D53B5D00FF581A /* LaunchScreen.storyboard */,
				CE82499B27D53B5D00FF581A /* Info.plist */,
				CEF0D8FD27D54BF9000C579E /* GoogleService-Info.plist */,
			);
			path = iMessage;
			sourceTree = "<group>";
		};
		CE8249A727D53EEC00FF581A /* Login */ = {
			isa = PBXGroup;
			children = (
				CE8249A827D53EEC00FF581A /* VC */,
				CE8249AA27D53EEC00FF581A /* Screen */,
			);
			path = Login;
			sourceTree = "<group>";
		};
		CE8249A827D53EEC00FF581A /* VC */ = {
			isa = PBXGroup;
			children = (
				CE8249A927D53EEC00FF581A /* LoginVC.swift */,
			);
			path = VC;
			sourceTree = "<group>";
		};
		CE8249AA27D53EEC00FF581A /* Screen */ = {
			isa = PBXGroup;
			children = (
				CE8249AB27D53EEC00FF581A /* LoginScreen.swift */,
			);
			path = Screen;
			sourceTree = "<group>";
		};
		CE8249AC27D53EED00FF581A /* Register */ = {
			isa = PBXGroup;
			children = (
				CE8249AD27D53EED00FF581A /* VC */,
				CE8249AF27D53EED00FF581A /* Screen */,
			);
			path = Register;
			sourceTree = "<group>";
		};
		CE8249AD27D53EED00FF581A /* VC */ = {
			isa = PBXGroup;
			children = (
				CE8249AE27D53EED00FF581A /* RegisterVC.swift */,
			);
			path = VC;
			sourceTree = "<group>";
		};
		CE8249AF27D53EED00FF581A /* Screen */ = {
			isa = PBXGroup;
			children = (
				CE8249B027D53EED00FF581A /* RegisterScreen.swift */,
			);
			path = Screen;
			sourceTree = "<group>";
		};
		D663A986CB27CBDB6F172CCB /* Frameworks */ = {
			isa = PBXGroup;
			children = (
				3BADB01126476FA0673E6332 /* Pods_iMessage.framework */,
			);
			name = Frameworks;
			sourceTree = "<group>";
		};
/* End PBXGroup section */

/* Begin PBXNativeTarget section */
		CE82498927D53B5C00FF581A /* iMessage */ = {
			isa = PBXNativeTarget;
			buildConfigurationList = CE82499E27D53B5D00FF581A /* Build configuration list for PBXNativeTarget "iMessage" */;
			buildPhases = (
				5E110E030780EE0FD577438E /* [CP] Check Pods Manifest.lock */,
				CE82498627D53B5C00FF581A /* Sources */,
				CE82498727D53B5C00FF581A /* Frameworks */,
				CE82498827D53B5C00FF581A /* Resources */,
				C7F80D024A9981A5EDAB8F68 /* [CP] Embed Pods Frameworks */,
			);
			buildRules = (
			);
			dependencies = (
			);
			name = iMessage;
			productName = iMessage;
			productReference = CE82498A27D53B5C00FF581A /* iMessage.app */;
			productType = "com.apple.product-type.application";
		};
/* End PBXNativeTarget section */

/* Begin PBXProject section */
		CE82498227D53B5C00FF581A /* Project object */ = {
			isa = PBXProject;
			attributes = {
				BuildIndependentTargetsInParallel = 1;
				LastSwiftUpdateCheck = 1320;
				LastUpgradeCheck = 1320;
				TargetAttributes = {
					CE82498927D53B5C00FF581A = {
						CreatedOnToolsVersion = 13.2.1;
					};
				};
			};
			buildConfigurationList = CE82498527D53B5C00FF581A /* Build configuration list for PBXProject "iMessage" */;
			compatibilityVersion = "Xcode 13.0";
			developmentRegion = en;
			hasScannedForEncodings = 0;
			knownRegions = (
				en,
				Base,
			);
			mainGroup = CE82498127D53B5C00FF581A;
			productRefGroup = CE82498B27D53B5C00FF581A /* Products */;
			projectDirPath = "";
			projectRoot = "";
			targets = (
				CE82498927D53B5C00FF581A /* iMessage */,
			);
		};
/* End PBXProject section */

/* Begin PBXResourcesBuildPhase section */
		CE82498827D53B5C00FF581A /* Resources */ = {
			isa = PBXResourcesBuildPhase;
			buildActionMask = 2147483647;
			files = (
				CE82499A27D53B5D00FF581A /* LaunchScreen.storyboard in Resources */,
				CE82499727D53B5D00FF581A /* Assets.xcassets in Resources */,
				CE2F527727D6DF4600BD3D35 /* send.wav in Resources */,
				CEF0D8FE27D54BF9000C579E /* GoogleService-Info.plist in Resources */,
			);
			runOnlyForDeploymentPostprocessing = 0;
		};
/* End PBXResourcesBuildPhase section */

/* Begin PBXShellScriptBuildPhase section */
		5E110E030780EE0FD577438E /* [CP] Check Pods Manifest.lock */ = {
			isa = PBXShellScriptBuildPhase;
			buildActionMask = 2147483647;
			files = (
			);
			inputFileListPaths = (
			);
			inputPaths = (
				"${PODS_PODFILE_DIR_PATH}/Podfile.lock",
				"${PODS_ROOT}/Manifest.lock",
			);
			name = "[CP] Check Pods Manifest.lock";
			outputFileListPaths = (
			);
			outputPaths = (
				"$(DERIVED_FILE_DIR)/Pods-iMessage-checkManifestLockResult.txt",
			);
			runOnlyForDeploymentPostprocessing = 0;
			shellPath = /bin/sh;
			shellScript = "diff \"${PODS_PODFILE_DIR_PATH}/Podfile.lock\" \"${PODS_ROOT}/Manifest.lock\" > /dev/null\nif [ $? != 0 ] ; then\n    # print error to STDERR\n    echo \"error: The sandbox is not in sync with the Podfile.lock. Run 'pod install' or update your CocoaPods installation.\" >&2\n    exit 1\nfi\n# This output is used by Xcode 'outputs' to avoid re-running this script phase.\necho \"SUCCESS\" > \"${SCRIPT_OUTPUT_FILE_0}\"\n";
			showEnvVarsInLog = 0;
		};
		C7F80D024A9981A5EDAB8F68 /* [CP] Embed Pods Frameworks */ = {
			isa = PBXShellScriptBuildPhase;
			buildActionMask = 2147483647;
			files = (
			);
			inputFileListPaths = (
				"${PODS_ROOT}/Target Support Files/Pods-iMessage/Pods-iMessage-frameworks-${CONFIGURATION}-input-files.xcfilelist",
			);
			name = "[CP] Embed Pods Frameworks";
			outputFileListPaths = (
				"${PODS_ROOT}/Target Support Files/Pods-iMessage/Pods-iMessage-frameworks-${CONFIGURATION}-output-files.xcfilelist",
			);
			runOnlyForDeploymentPostprocessing = 0;
			shellPath = /bin/sh;
			shellScript = "\"${PODS_ROOT}/Target Support Files/Pods-iMessage/Pods-iMessage-frameworks.sh\"\n";
			showEnvVarsInLog = 0;
		};
/* End PBXShellScriptBuildPhase section */

/* Begin PBXSourcesBuildPhase section */
		CE82498627D53B5C00FF581A /* Sources */ = {
			isa = PBXSourcesBuildPhase;
			buildActionMask = 2147483647;
			files = (
				CE2F526A27D6D0FC00BD3D35 /* Extension+UIView.swift in Sources */,
				CE8249B427D53EED00FF581A /* RegisterScreen.swift in Sources */,
				CE2F527427D6DCA000BD3D35 /* String.swift in Sources */,
				CE2F526C27D6D72D00BD3D35 /* Custom.swift in Sources */,
				CE82498E27D53B5C00FF581A /* AppDelegate.swift in Sources */,
				CE8249B227D53EED00FF581A /* LoginScreen.swift in Sources */,
				CE82499027D53B5C00FF581A /* SceneDelegate.swift in Sources */,
				CE2F527227D6DB4600BD3D35 /* Extension+Button.swift in Sources */,
				CE2F527A27D6F4C800BD3D35 /* Alert.swift in Sources */,
				CE8249B127D53EED00FF581A /* LoginVC.swift in Sources */,
				CE8249B327D53EED00FF581A /* RegisterVC.swift in Sources */,
			);
			runOnlyForDeploymentPostprocessing = 0;
		};
/* End PBXSourcesBuildPhase section */

/* Begin PBXVariantGroup section */
		CE82499827D53B5D00FF581A /* LaunchScreen.storyboard */ = {
			isa = PBXVariantGroup;
			children = (
				CE82499927D53B5D00FF581A /* Base */,
			);
			name = LaunchScreen.storyboard;
			sourceTree = "<group>";
		};
/* End PBXVariantGroup section */

/* Begin XCBuildConfiguration section */
		CE82499C27D53B5D00FF581A /* Debug */ = {
			isa = XCBuildConfiguration;
			buildSettings = {
				ALWAYS_SEARCH_USER_PATHS = NO;
				CLANG_ANALYZER_NONNULL = YES;
				CLANG_ANALYZER_NUMBER_OBJECT_CONVERSION = YES_AGGRESSIVE;
				CLANG_CXX_LANGUAGE_STANDARD = "gnu++17";
				CLANG_CXX_LIBRARY = "libc++";
				CLANG_ENABLE_MODULES = YES;
				CLANG_ENABLE_OBJC_ARC = YES;
				CLANG_ENABLE_OBJC_WEAK = YES;
				CLANG_WARN_BLOCK_CAPTURE_AUTORELEASING = YES;
				CLANG_WARN_BOOL_CONVERSION = YES;
				CLANG_WARN_COMMA = YES;
				CLANG_WARN_CONSTANT_CONVERSION = YES;
				CLANG_WARN_DEPRECATED_OBJC_IMPLEMENTATIONS = YES;
				CLANG_WARN_DIRECT_OBJC_ISA_USAGE = YES_ERROR;
				CLANG_WARN_DOCUMENTATION_COMMENTS = YES;
				CLANG_WARN_EMPTY_BODY = YES;
				CLANG_WARN_ENUM_CONVERSION = YES;
				CLANG_WARN_INFINITE_RECURSION = YES;
				CLANG_WARN_INT_CONVERSION = YES;
				CLANG_WARN_NON_LITERAL_NULL_CONVERSION = YES;
				CLANG_WARN_OBJC_IMPLICIT_RETAIN_SELF = YES;
				CLANG_WARN_OBJC_LITERAL_CONVERSION = YES;
				CLANG_WARN_OBJC_ROOT_CLASS = YES_ERROR;
				CLANG_WARN_QUOTED_INCLUDE_IN_FRAMEWORK_HEADER = YES;
				CLANG_WARN_RANGE_LOOP_ANALYSIS = YES;
				CLANG_WARN_STRICT_PROTOTYPES = YES;
				CLANG_WARN_SUSPICIOUS_MOVE = YES;
				CLANG_WARN_UNGUARDED_AVAILABILITY = YES_AGGRESSIVE;
				CLANG_WARN_UNREACHABLE_CODE = YES;
				CLANG_WARN__DUPLICATE_METHOD_MATCH = YES;
				COPY_PHASE_STRIP = NO;
				DEBUG_INFORMATION_FORMAT = dwarf;
				ENABLE_STRICT_OBJC_MSGSEND = YES;
				ENABLE_TESTABILITY = YES;
				GCC_C_LANGUAGE_STANDARD = gnu11;
				GCC_DYNAMIC_NO_PIC = NO;
				GCC_NO_COMMON_BLOCKS = YES;
				GCC_OPTIMIZATION_LEVEL = 0;
				GCC_PREPROCESSOR_DEFINITIONS = (
					"DEBUG=1",
					"$(inherited)",
				);
				GCC_WARN_64_TO_32_BIT_CONVERSION = YES;
				GCC_WARN_ABOUT_RETURN_TYPE = YES_ERROR;
				GCC_WARN_UNDECLARED_SELECTOR = YES;
				GCC_WARN_UNINITIALIZED_AUTOS = YES_AGGRESSIVE;
				GCC_WARN_UNUSED_FUNCTION = YES;
				GCC_WARN_UNUSED_VARIABLE = YES;
				IPHONEOS_DEPLOYMENT_TARGET = 15.2;
				MTL_ENABLE_DEBUG_INFO = INCLUDE_SOURCE;
				MTL_FAST_MATH = YES;
				ONLY_ACTIVE_ARCH = YES;
				SDKROOT = iphoneos;
				SWIFT_ACTIVE_COMPILATION_CONDITIONS = DEBUG;
				SWIFT_OPTIMIZATION_LEVEL = "-Onone";
			};
			name = Debug;
		};
		CE82499D27D53B5D00FF581A /* Release */ = {
			isa = XCBuildConfiguration;
			buildSettings = {
				ALWAYS_SEARCH_USER_PATHS = NO;
				CLANG_ANALYZER_NONNULL = YES;
				CLANG_ANALYZER_NUMBER_OBJECT_CONVERSION = YES_AGGRESSIVE;
				CLANG_CXX_LANGUAGE_STANDARD = "gnu++17";
				CLANG_CXX_LIBRARY = "libc++";
				CLANG_ENABLE_MODULES = YES;
				CLANG_ENABLE_OBJC_ARC = YES;
				CLANG_ENABLE_OBJC_WEAK = YES;
				CLANG_WARN_BLOCK_CAPTURE_AUTORELEASING = YES;
				CLANG_WARN_BOOL_CONVERSION = YES;
				CLANG_WARN_COMMA = YES;
				CLANG_WARN_CONSTANT_CONVERSION = YES;
				CLANG_WARN_DEPRECATED_OBJC_IMPLEMENTATIONS = YES;
				CLANG_WARN_DIRECT_OBJC_ISA_USAGE = YES_ERROR;
				CLANG_WARN_DOCUMENTATION_COMMENTS = YES;
				CLANG_WARN_EMPTY_BODY = YES;
				CLANG_WARN_ENUM_CONVERSION = YES;
				CLANG_WARN_INFINITE_RECURSION = YES;
				CLANG_WARN_INT_CONVERSION = YES;
				CLANG_WARN_NON_LITERAL_NULL_CONVERSION = YES;
				CLANG_WARN_OBJC_IMPLICIT_RETAIN_SELF = YES;
				CLANG_WARN_OBJC_LITERAL_CONVERSION = YES;
				CLANG_WARN_OBJC_ROOT_CLASS = YES_ERROR;
				CLANG_WARN_QUOTED_INCLUDE_IN_FRAMEWORK_HEADER = YES;
				CLANG_WARN_RANGE_LOOP_ANALYSIS = YES;
				CLANG_WARN_STRICT_PROTOTYPES = YES;
				CLANG_WARN_SUSPICIOUS_MOVE = YES;
				CLANG_WARN_UNGUARDED_AVAILABILITY = YES_AGGRESSIVE;
				CLANG_WARN_UNREACHABLE_CODE = YES;
				CLANG_WARN__DUPLICATE_METHOD_MATCH = YES;
				COPY_PHASE_STRIP = NO;
				DEBUG_INFORMATION_FORMAT = "dwarf-with-dsym";
				ENABLE_NS_ASSERTIONS = NO;
				ENABLE_STRICT_OBJC_MSGSEND = YES;
				GCC_C_LANGUAGE_STANDARD = gnu11;
				GCC_NO_COMMON_BLOCKS = YES;
				GCC_WARN_64_TO_32_BIT_CONVERSION = YES;
				GCC_WARN_ABOUT_RETURN_TYPE = YES_ERROR;
				GCC_WARN_UNDECLARED_SELECTOR = YES;
				GCC_WARN_UNINITIALIZED_AUTOS = YES_AGGRESSIVE;
				GCC_WARN_UNUSED_FUNCTION = YES;
				GCC_WARN_UNUSED_VARIABLE = YES;
				IPHONEOS_DEPLOYMENT_TARGET = 15.2;
				MTL_ENABLE_DEBUG_INFO = NO;
				MTL_FAST_MATH = YES;
				SDKROOT = iphoneos;
				SWIFT_COMPILATION_MODE = wholemodule;
				SWIFT_OPTIMIZATION_LEVEL = "-O";
				VALIDATE_PRODUCT = YES;
			};
			name = Release;
		};
		CE82499F27D53B5D00FF581A /* Debug */ = {
			isa = XCBuildConfiguration;
			baseConfigurationReference = E15ACBD9DBA7C173E45ED07B /* Pods-iMessage.debug.xcconfig */;
			buildSettings = {
				ASSETCATALOG_COMPILER_APPICON_NAME = AppIcon;
				ASSETCATALOG_COMPILER_GLOBAL_ACCENT_COLOR_NAME = AccentColor;
				CODE_SIGN_STYLE = Automatic;
				CURRENT_PROJECT_VERSION = 1;
				DEVELOPMENT_TEAM = S438V552C2;
				GENERATE_INFOPLIST_FILE = YES;
				INFOPLIST_FILE = iMessage/Info.plist;
				INFOPLIST_KEY_UIApplicationSupportsIndirectInputEvents = YES;
				INFOPLIST_KEY_UILaunchStoryboardName = LaunchScreen;
				INFOPLIST_KEY_UISupportedInterfaceOrientations_iPad = "UIInterfaceOrientationPortrait UIInterfaceOrientationPortraitUpsideDown UIInterfaceOrientationLandscapeLeft UIInterfaceOrientationLandscapeRight";
				INFOPLIST_KEY_UISupportedInterfaceOrientations_iPhone = "UIInterfaceOrientationPortrait UIInterfaceOrientationLandscapeLeft UIInterfaceOrientationLandscapeRight";
				LD_RUNPATH_SEARCH_PATHS = (
					"$(inherited)",
					"@executable_path/Frameworks",
				);
				MARKETING_VERSION = 1.0;
				PRODUCT_BUNDLE_IDENTIFIER = com.fabiomartinez.iMessage;
				PRODUCT_NAME = "$(TARGET_NAME)";
				SWIFT_EMIT_LOC_STRINGS = YES;
				SWIFT_VERSION = 5.0;
				TARGETED_DEVICE_FAMILY = 1;
			};
			name = Debug;
		};
		CE8249A027D53B5D00FF581A /* Release */ = {
			isa = XCBuildConfiguration;
			baseConfigurationReference = 1CC2E621D5FA219891BE7458 /* Pods-iMessage.release.xcconfig */;
			buildSettings = {
				ASSETCATALOG_COMPILER_APPICON_NAME = AppIcon;
				ASSETCATALOG_COMPILER_GLOBAL_ACCENT_COLOR_NAME = AccentColor;
				CODE_SIGN_STYLE = Automatic;
				CURRENT_PROJECT_VERSION = 1;
				DEVELOPMENT_TEAM = S438V552C2;
				GENERATE_INFOPLIST_FILE = YES;
				INFOPLIST_FILE = iMessage/Info.plist;
				INFOPLIST_KEY_UIApplicationSupportsIndirectInputEvents = YES;
				INFOPLIST_KEY_UILaunchStoryboardName = LaunchScreen;
				INFOPLIST_KEY_UISupportedInterfaceOrientations_iPad = "UIInterfaceOrientationPortrait UIInterfaceOrientationPortraitUpsideDown UIInterfaceOrientationLandscapeLeft UIInterfaceOrientationLandscapeRight";
				INFOPLIST_KEY_UISupportedInterfaceOrientations_iPhone = "UIInterfaceOrientationPortrait UIInterfaceOrientationLandscapeLeft UIInterfaceOrientationLandscapeRight";
				LD_RUNPATH_SEARCH_PATHS = (
					"$(inherited)",
					"@executable_path/Frameworks",
				);
				MARKETING_VERSION = 1.0;
				PRODUCT_BUNDLE_IDENTIFIER = com.fabiomartinez.iMessage;
				PRODUCT_NAME = "$(TARGET_NAME)";
				SWIFT_EMIT_LOC_STRINGS = YES;
				SWIFT_VERSION = 5.0;
				TARGETED_DEVICE_FAMILY = 1;
			};
			name = Release;
		};
/* End XCBuildConfiguration section */

/* Begin XCConfigurationList section */
		CE82498527D53B5C00FF581A /* Build configuration list for PBXProject "iMessage" */ = {
			isa = XCConfigurationList;
			buildConfigurations = (
				CE82499C27D53B5D00FF581A /* Debug */,
				CE82499D27D53B5D00FF581A /* Release */,
			);
			defaultConfigurationIsVisible = 0;
			defaultConfigurationName = Release;
		};
		CE82499E27D53B5D00FF581A /* Build configuration list for PBXNativeTarget "iMessage" */ = {
			isa = XCConfigurationList;
			buildConfigurations = (
				CE82499F27D53B5D00FF581A /* Debug */,
				CE8249A027D53B5D00FF581A /* Release */,
			);
			defaultConfigurationIsVisible = 0;
			defaultConfigurationName = Release;
		};
/* End XCConfigurationList section */
	};
	rootObject = CE82498227D53B5C00FF581A /* Project object */;
}
